
Microsoft Visual Studio Solution File, Format Version 12.00
# Visual Studio Version 17
VisualStudioVersion = 17.8.34330.188
MinimumVisualStudioVersion = 10.0.40219.1
Project("{9A19103F-16F7-4668-BE54-9A1E7A4F7556}") = "ConsoleApp", "ConsoleApp.csproj", "{61836C3E-BB5F-4753-9574-20B756D00AE6}"
EndProject
Global
	GlobalSection(SolutionConfigurationPlatforms) = preSolution
		Debug|Any CPU = Debug|Any CPU
		Release|Any CPU = Release|Any CPU
	EndGlobalSection
	GlobalSection(ProjectConfigurationPlatforms) = postSolution
		{61836C3E-BB5F-4753-9574-20B756D00AE6}.Debug|Any CPU.ActiveCfg = Debug|Any CPU
		{61836C3E-BB5F-4753-9574-20B756D00AE6}.Debug|Any CPU.Build.0 = Debug|Any CPU
		{61836C3E-BB5F-4753-9574-20B756D00AE6}.Release|Any CPU.ActiveCfg = Release|Any CPU
		{61836C3E-BB5F-4753-9574-20B756D00AE6}.Release|Any CPU.Build.0 = Release|Any CPU
	EndGlobalSection
	GlobalSection(SolutionProperties) = preSolution
		HideSolutionNode = FALSE
	EndGlobalSection
	GlobalSection(ExtensibilityGlobals) = postSolution
		SolutionGuid = {CC0A85F4-1AAE-433F-A9AC-7D7A989CF379}
	EndGlobalSection
EndGlobal
